
Microsoft Visual Studio Solution File, Format Version 12.00
# Visual Studio Version 17
VisualStudioVersion = 17.7.34202.233
MinimumVisualStudioVersion = 10.0.40219.1
Project("{9A19103F-16F7-4668-BE54-9A1E7A4F7556}") = "Aspnetcore Custom Template", "Aspnetcore Custom Template.csproj", "{49EC514F-1658-4458-9980-C96762A10288}"
EndProject
Global
	GlobalSection(SolutionConfigurationPlatforms) = preSolution
		Debug|Any CPU = Debug|Any CPU
		Release|Any CPU = Release|Any CPU
	EndGlobalSection
	GlobalSection(ProjectConfigurationPlatforms) = postSolution
		{49EC514F-1658-4458-9980-C96762A10288}.Debug|Any CPU.ActiveCfg = Debug|Any CPU
		{49EC514F-1658-4458-9980-C96762A10288}.Debug|Any CPU.Build.0 = Debug|Any CPU
		{49EC514F-1658-4458-9980-C96762A10288}.Release|Any CPU.ActiveCfg = Release|Any CPU
		{49EC514F-1658-4458-9980-C96762A10288}.Release|Any CPU.Build.0 = Release|Any CPU
	EndGlobalSection
	GlobalSection(SolutionProperties) = preSolution
		HideSolutionNode = FALSE
	EndGlobalSection
	GlobalSection(ExtensibilityGlobals) = postSolution
		SolutionGuid = {D0907171-D979-49AF-9E44-EEF410D09084}
	EndGlobalSection
EndGlobal
